// !$*UTF8*$!
{
	archiveVersion = 1;
	classes = {
	};
	objectVersion = 48;
	objects = {

/* Begin PBXBuildFile section */
		DC5BCF4D2109B14A00767AAF /* AppDelegate.swift in Sources */ = {isa = PBXBuildFile; fileRef = DC5BCF4C2109B14A00767AAF /* AppDelegate.swift */; };
		DC5BCF4F2109B14A00767AAF /* ViewController.swift in Sources */ = {isa = PBXBuildFile; fileRef = DC5BCF4E2109B14A00767AAF /* ViewController.swift */; };
		DC5BCF522109B14A00767AAF /* Main.storyboard in Resources */ = {isa = PBXBuildFile; fileRef = DC5BCF502109B14A00767AAF /* Main.storyboard */; };
		DC5BCF542109B14A00767AAF /* Assets.xcassets in Resources */ = {isa = PBXBuildFile; fileRef = DC5BCF532109B14A00767AAF /* Assets.xcassets */; };
		DC5BCF572109B14A00767AAF /* LaunchScreen.storyboard in Resources */ = {isa = PBXBuildFile; fileRef = DC5BCF552109B14A00767AAF /* LaunchScreen.storyboard */; };
		DC5BCF622109B14A00767AAF /* MineSweeperTests.swift in Sources */ = {isa = PBXBuildFile; fileRef = DC5BCF612109B14A00767AAF /* MineSweeperTests.swift */; };
		DC5BCF6D2109B14A00767AAF /* MineSweeperUITests.swift in Sources */ = {isa = PBXBuildFile; fileRef = DC5BCF6C2109B14A00767AAF /* MineSweeperUITests.swift */; };
/* End PBXBuildFile section */

/* Begin PBXContainerItemProxy section */
		DC5BCF5E2109B14A00767AAF /* PBXContainerItemProxy */ = {
			isa = PBXContainerItemProxy;
			containerPortal = DC5BCF412109B14A00767AAF /* Project object */;
			proxyType = 1;
			remoteGlobalIDString = DC5BCF482109B14A00767AAF;
			remoteInfo = MineSweeper;
		};
		DC5BCF692109B14A00767AAF /* PBXContainerItemProxy */ = {
			isa = PBXContainerItemProxy;
			containerPortal = DC5BCF412109B14A00767AAF /* Project object */;
			proxyType = 1;
			remoteGlobalIDString = DC5BCF482109B14A00767AAF;
			remoteInfo = MineSweeper;
		};
/* End PBXContainerItemProxy section */

/* Begin PBXFileReference section */
		DC5BCF492109B14A00767AAF /* MineSweeper.app */ = {isa = PBXFileReference; explicitFileType = wrapper.application; includeInIndex = 0; path = MineSweeper.app; sourceTree = BUILT_PRODUCTS_DIR; };
		DC5BCF4C2109B14A00767AAF /* AppDelegate.swift */ = {isa = PBXFileReference; lastKnownFileType = sourcecode.swift; path = AppDelegate.swift; sourceTree = "<group>"; };
		DC5BCF4E2109B14A00767AAF /* ViewController.swift */ = {isa = PBXFileReference; lastKnownFileType = sourcecode.swift; path = ViewController.swift; sourceTree = "<group>"; };
		DC5BCF512109B14A00767AAF /* Base */ = {isa = PBXFileReference; lastKnownFileType = file.storyboard; name = Base; path = Base.lproj/Main.storyboard; sourceTree = "<group>"; };
		DC5BCF532109B14A00767AAF /* Assets.xcassets */ = {isa = PBXFileReference; lastKnownFileType = folder.assetcatalog; path = Assets.xcassets; sourceTree = "<group>"; };
		DC5BCF562109B14A00767AAF /* Base */ = {isa = PBXFileReference; lastKnownFileType = file.storyboard; name = Base; path = Base.lproj/LaunchScreen.storyboard; sourceTree = "<group>"; };
		DC5BCF582109B14A00767AAF /* Info.plist */ = {isa = PBXFileReference; lastKnownFileType = text.plist.xml; path = Info.plist; sourceTree = "<group>"; };
		DC5BCF5D2109B14A00767AAF /* MineSweeperTests.xctest */ = {isa = PBXFileReference; explicitFileType = wrapper.cfbundle; includeInIndex = 0; path = MineSweeperTests.xctest; sourceTree = BUILT_PRODUCTS_DIR; };
		DC5BCF612109B14A00767AAF /* MineSweeperTests.swift */ = {isa = PBXFileReference; lastKnownFileType = sourcecode.swift; path = MineSweeperTests.swift; sourceTree = "<group>"; };
		DC5BCF632109B14A00767AAF /* Info.plist */ = {isa = PBXFileReference; lastKnownFileType = text.plist.xml; path = Info.plist; sourceTree = "<group>"; };
		DC5BCF682109B14A00767AAF /* MineSweeperUITests.xctest */ = {isa = PBXFileReference; explicitFileType = wrapper.cfbundle; includeInIndex = 0; path = MineSweeperUITests.xctest; sourceTree = BUILT_PRODUCTS_DIR; };
		DC5BCF6C2109B14A00767AAF /* MineSweeperUITests.swift */ = {isa = PBXFileReference; lastKnownFileType = sourcecode.swift; path = MineSweeperUITests.swift; sourceTree = "<group>"; };
		DC5BCF6E2109B14A00767AAF /* Info.plist */ = {isa = PBXFileReference; lastKnownFileType = text.plist.xml; path = Info.plist; sourceTree = "<group>"; };
/* End PBXFileReference section */

/* Begin PBXFrameworksBuildPhase section */
		DC5BCF462109B14A00767AAF /* Frameworks */ = {
			isa = PBXFrameworksBuildPhase;
			buildActionMask = 2147483647;
			files = (
			);
			runOnlyForDeploymentPostprocessing = 0;
		};
		DC5BCF5A2109B14A00767AAF /* Frameworks */ = {
			isa = PBXFrameworksBuildPhase;
			buildActionMask = 2147483647;
			files = (
			);
			runOnlyForDeploymentPostprocessing = 0;
		};
		DC5BCF652109B14A00767AAF /* Frameworks */ = {
			isa = PBXFrameworksBuildPhase;
			buildActionMask = 2147483647;
			files = (
			);
			runOnlyForDeploymentPostprocessing = 0;
		};
/* End PBXFrameworksBuildPhase section */

/* Begin PBXGroup section */
		DC5BCF402109B14A00767AAF = {
			isa = PBXGroup;
			children = (
				DC5BCF4B2109B14A00767AAF /* MineSweeper */,
				DC5BCF602109B14A00767AAF /* MineSweeperTests */,
				DC5BCF6B2109B14A00767AAF /* MineSweeperUITests */,
				DC5BCF4A2109B14A00767AAF /* Products */,
			);
			sourceTree = "<group>";
		};
		DC5BCF4A2109B14A00767AAF /* Products */ = {
			isa = PBXGroup;
			children = (
				DC5BCF492109B14A00767AAF /* MineSweeper.app */,
				DC5BCF5D2109B14A00767AAF /* MineSweeperTests.xctest */,
				DC5BCF682109B14A00767AAF /* MineSweeperUITests.xctest */,
			);
			name = Products;
			sourceTree = "<group>";
		};
		DC5BCF4B2109B14A00767AAF /* MineSweeper */ = {
			isa = PBXGroup;
			children = (
				DC5BCF4C2109B14A00767AAF /* AppDelegate.swift */,
				DC5BCF4E2109B14A00767AAF /* ViewController.swift */,
				DC5BCF502109B14A00767AAF /* Main.storyboard */,
				DC5BCF532109B14A00767AAF /* Assets.xcassets */,
				DC5BCF552109B14A00767AAF /* LaunchScreen.storyboard */,
				DC5BCF582109B14A00767AAF /* Info.plist */,
			);
			path = MineSweeper;
			sourceTree = "<group>";
		};
		DC5BCF602109B14A00767AAF /* MineSweeperTests */ = {
			isa = PBXGroup;
			children = (
				DC5BCF612109B14A00767AAF /* MineSweeperTests.swift */,
				DC5BCF632109B14A00767AAF /* Info.plist */,
			);
			path = MineSweeperTests;
			sourceTree = "<group>";
		};
		DC5BCF6B2109B14A00767AAF /* MineSweeperUITests */ = {
			isa = PBXGroup;
			children = (
				DC5BCF6C2109B14A00767AAF /* MineSweeperUITests.swift */,
				DC5BCF6E2109B14A00767AAF /* Info.plist */,
			);
			path = MineSweeperUITests;
			sourceTree = "<group>";
		};
/* End PBXGroup section */

/* Begin PBXNativeTarget section */
		DC5BCF482109B14A00767AAF /* MineSweeper */ = {
			isa = PBXNativeTarget;
			buildConfigurationList = DC5BCF712109B14A00767AAF /* Build configuration list for PBXNativeTarget "MineSweeper" */;
			buildPhases = (
				DC5BCF452109B14A00767AAF /* Sources */,
				DC5BCF462109B14A00767AAF /* Frameworks */,
				DC5BCF472109B14A00767AAF /* Resources */,
			);
			buildRules = (
			);
			dependencies = (
			);
			name = MineSweeper;
			productName = MineSweeper;
			productReference = DC5BCF492109B14A00767AAF /* MineSweeper.app */;
			productType = "com.apple.product-type.application";
		};
		DC5BCF5C2109B14A00767AAF /* MineSweeperTests */ = {
			isa = PBXNativeTarget;
			buildConfigurationList = DC5BCF742109B14A00767AAF /* Build configuration list for PBXNativeTarget "MineSweeperTests" */;
			buildPhases = (
				DC5BCF592109B14A00767AAF /* Sources */,
				DC5BCF5A2109B14A00767AAF /* Frameworks */,
				DC5BCF5B2109B14A00767AAF /* Resources */,
			);
			buildRules = (
			);
			dependencies = (
				DC5BCF5F2109B14A00767AAF /* PBXTargetDependency */,
			);
			name = MineSweeperTests;
			productName = MineSweeperTests;
			productReference = DC5BCF5D2109B14A00767AAF /* MineSweeperTests.xctest */;
			productType = "com.apple.product-type.bundle.unit-test";
		};
		DC5BCF672109B14A00767AAF /* MineSweeperUITests */ = {
			isa = PBXNativeTarget;
			buildConfigurationList = DC5BCF772109B14A00767AAF /* Build configuration list for PBXNativeTarget "MineSweeperUITests" */;
			buildPhases = (
				DC5BCF642109B14A00767AAF /* Sources */,
				DC5BCF652109B14A00767AAF /* Frameworks */,
				DC5BCF662109B14A00767AAF /* Resources */,
			);
			buildRules = (
			);
			dependencies = (
				DC5BCF6A2109B14A00767AAF /* PBXTargetDependency */,
			);
			name = MineSweeperUITests;
			productName = MineSweeperUITests;
			productReference = DC5BCF682109B14A00767AAF /* MineSweeperUITests.xctest */;
			productType = "com.apple.product-type.bundle.ui-testing";
		};
/* End PBXNativeTarget section */

/* Begin PBXProject section */
		DC5BCF412109B14A00767AAF /* Project object */ = {
			isa = PBXProject;
			attributes = {
				LastSwiftUpdateCheck = 0920;
				LastUpgradeCheck = 0920;
				ORGANIZATIONNAME = "Bahar Soleimani";
				TargetAttributes = {
					DC5BCF482109B14A00767AAF = {
						CreatedOnToolsVersion = 9.2;
						ProvisioningStyle = Automatic;
					};
					DC5BCF5C2109B14A00767AAF = {
						CreatedOnToolsVersion = 9.2;
						ProvisioningStyle = Automatic;
						TestTargetID = DC5BCF482109B14A00767AAF;
					};
					DC5BCF672109B14A00767AAF = {
						CreatedOnToolsVersion = 9.2;
						ProvisioningStyle = Automatic;
						TestTargetID = DC5BCF482109B14A00767AAF;
					};
				};
			};
			buildConfigurationList = DC5BCF442109B14A00767AAF /* Build configuration list for PBXProject "MineSweeper" */;
			compatibilityVersion = "Xcode 8.0";
			developmentRegion = en;
			hasScannedForEncodings = 0;
			knownRegions = (
				en,
				Base,
			);
			mainGroup = DC5BCF402109B14A00767AAF;
			productRefGroup = DC5BCF4A2109B14A00767AAF /* Products */;
			projectDirPath = "";
			projectRoot = "";
			targets = (
				DC5BCF482109B14A00767AAF /* MineSweeper */,
				DC5BCF5C2109B14A00767AAF /* MineSweeperTests */,
				DC5BCF672109B14A00767AAF /* MineSweeperUITests */,
			);
		};
/* End PBXProject section */

/* Begin PBXResourcesBuildPhase section */
		DC5BCF472109B14A00767AAF /* Resources */ = {
			isa = PBXResourcesBuildPhase;
			buildActionMask = 2147483647;
			files = (
				DC5BCF572109B14A00767AAF /* LaunchScreen.storyboard in Resources */,
				DC5BCF542109B14A00767AAF /* Assets.xcassets in Resources */,
				DC5BCF522109B14A00767AAF /* Main.storyboard in Resources */,
			);
			runOnlyForDeploymentPostprocessing = 0;
		};
		DC5BCF5B2109B14A00767AAF /* Resources */ = {
			isa = PBXResourcesBuildPhase;
			buildActionMask = 2147483647;
			files = (
			);
			runOnlyForDeploymentPostprocessing = 0;
		};
		DC5BCF662109B14A00767AAF /* Resources */ = {
			isa = PBXResourcesBuildPhase;
			buildActionMask = 2147483647;
			files = (
			);
			runOnlyForDeploymentPostprocessing = 0;
		};
/* End PBXResourcesBuildPhase section */

/* Begin PBXSourcesBuildPhase section */
		DC5BCF452109B14A00767AAF /* Sources */ = {
			isa = PBXSourcesBuildPhase;
			buildActionMask = 2147483647;
			files = (
				DC5BCF4F2109B14A00767AAF /* ViewController.swift in Sources */,
				DC5BCF4D2109B14A00767AAF /* AppDelegate.swift in Sources */,
			);
			runOnlyForDeploymentPostprocessing = 0;
		};
		DC5BCF592109B14A00767AAF /* Sources */ = {
			isa = PBXSourcesBuildPhase;
			buildActionMask = 2147483647;
			files = (
				DC5BCF622109B14A00767AAF /* MineSweeperTests.swift in Sources */,
			);
			runOnlyForDeploymentPostprocessing = 0;
		};
		DC5BCF642109B14A00767AAF /* Sources */ = {
			isa = PBXSourcesBuildPhase;
			buildActionMask = 2147483647;
			files = (
				DC5BCF6D2109B14A00767AAF /* MineSweeperUITests.swift in Sources */,
			);
			runOnlyForDeploymentPostprocessing = 0;
		};
/* End PBXSourcesBuildPhase section */

/* Begin PBXTargetDependency section */
		DC5BCF5F2109B14A00767AAF /* PBXTargetDependency */ = {
			isa = PBXTargetDependency;
			target = DC5BCF482109B14A00767AAF /* MineSweeper */;
			targetProxy = DC5BCF5E2109B14A00767AAF /* PBXContainerItemProxy */;
		};
		DC5BCF6A2109B14A00767AAF /* PBXTargetDependency */ = {
			isa = PBXTargetDependency;
			target = DC5BCF482109B14A00767AAF /* MineSweeper */;
			targetProxy = DC5BCF692109B14A00767AAF /* PBXContainerItemProxy */;
		};
/* End PBXTargetDependency section */

/* Begin PBXVariantGroup section */
		DC5BCF502109B14A00767AAF /* Main.storyboard */ = {
			isa = PBXVariantGroup;
			children = (
				DC5BCF512109B14A00767AAF /* Base */,
			);
			name = Main.storyboard;
			sourceTree = "<group>";
		};
		DC5BCF552109B14A00767AAF /* LaunchScreen.storyboard */ = {
			isa = PBXVariantGroup;
			children = (
				DC5BCF562109B14A00767AAF /* Base */,
			);
			name = LaunchScreen.storyboard;
			sourceTree = "<group>";
		};
/* End PBXVariantGroup section */

/* Begin XCBuildConfiguration section */
		DC5BCF6F2109B14A00767AAF /* Debug */ = {
			isa = XCBuildConfiguration;
			buildSettings = {
				ALWAYS_SEARCH_USER_PATHS = NO;
				CLANG_ANALYZER_NONNULL = YES;
				CLANG_ANALYZER_NUMBER_OBJECT_CONVERSION = YES_AGGRESSIVE;
				CLANG_CXX_LANGUAGE_STANDARD = "gnu++14";
				CLANG_CXX_LIBRARY = "libc++";
				CLANG_ENABLE_MODULES = YES;
				CLANG_ENABLE_OBJC_ARC = YES;
				CLANG_WARN_BLOCK_CAPTURE_AUTORELEASING = YES;
				CLANG_WARN_BOOL_CONVERSION = YES;
				CLANG_WARN_COMMA = YES;
				CLANG_WARN_CONSTANT_CONVERSION = YES;
				CLANG_WARN_DIRECT_OBJC_ISA_USAGE = YES_ERROR;
				CLANG_WARN_DOCUMENTATION_COMMENTS = YES;
				CLANG_WARN_EMPTY_BODY = YES;
				CLANG_WARN_ENUM_CONVERSION = YES;
				CLANG_WARN_INFINITE_RECURSION = YES;
				CLANG_WARN_INT_CONVERSION = YES;
				CLANG_WARN_NON_LITERAL_NULL_CONVERSION = YES;
				CLANG_WARN_OBJC_LITERAL_CONVERSION = YES;
				CLANG_WARN_OBJC_ROOT_CLASS = YES_ERROR;
				CLANG_WARN_RANGE_LOOP_ANALYSIS = YES;
				CLANG_WARN_STRICT_PROTOTYPES = YES;
				CLANG_WARN_SUSPICIOUS_MOVE = YES;
				CLANG_WARN_UNGUARDED_AVAILABILITY = YES_AGGRESSIVE;
				CLANG_WARN_UNREACHABLE_CODE = YES;
				CLANG_WARN__DUPLICATE_METHOD_MATCH = YES;
				CODE_SIGN_IDENTITY = "iPhone Developer";
				COPY_PHASE_STRIP = NO;
				DEBUG_INFORMATION_FORMAT = dwarf;
				ENABLE_STRICT_OBJC_MSGSEND = YES;
				ENABLE_TESTABILITY = YES;
				GCC_C_LANGUAGE_STANDARD = gnu11;
				GCC_DYNAMIC_NO_PIC = NO;
				GCC_NO_COMMON_BLOCKS = YES;
				GCC_OPTIMIZATION_LEVEL = 0;
				GCC_PREPROCESSOR_DEFINITIONS = (
					"DEBUG=1",
					"$(inherited)",
				);
				GCC_WARN_64_TO_32_BIT_CONVERSION = YES;
				GCC_WARN_ABOUT_RETURN_TYPE = YES_ERROR;
				GCC_WARN_UNDECLARED_SELECTOR = YES;
				GCC_WARN_UNINITIALIZED_AUTOS = YES_AGGRESSIVE;
				GCC_WARN_UNUSED_FUNCTION = YES;
				GCC_WARN_UNUSED_VARIABLE = YES;
				IPHONEOS_DEPLOYMENT_TARGET = 11.2;
				MTL_ENABLE_DEBUG_INFO = YES;
				ONLY_ACTIVE_ARCH = YES;
				SDKROOT = iphoneos;
				SWIFT_ACTIVE_COMPILATION_CONDITIONS = DEBUG;
				SWIFT_OPTIMIZATION_LEVEL = "-Onone";
			};
			name = Debug;
		};
		DC5BCF702109B14A00767AAF /* Release */ = {
			isa = XCBuildConfiguration;
			buildSettings = {
				ALWAYS_SEARCH_USER_PATHS = NO;
				CLANG_ANALYZER_NONNULL = YES;
				CLANG_ANALYZER_NUMBER_OBJECT_CONVERSION = YES_AGGRESSIVE;
				CLANG_CXX_LANGUAGE_STANDARD = "gnu++14";
				CLANG_CXX_LIBRARY = "libc++";
				CLANG_ENABLE_MODULES = YES;
				CLANG_ENABLE_OBJC_ARC = YES;
				CLANG_WARN_BLOCK_CAPTURE_AUTORELEASING = YES;
				CLANG_WARN_BOOL_CONVERSION = YES;
				CLANG_WARN_COMMA = YES;
				CLANG_WARN_CONSTANT_CONVERSION = YES;
				CLANG_WARN_DIRECT_OBJC_ISA_USAGE = YES_ERROR;
				CLANG_WARN_DOCUMENTATION_COMMENTS = YES;
				CLANG_WARN_EMPTY_BODY = YES;
				CLANG_WARN_ENUM_CONVERSION = YES;
				CLANG_WARN_INFINITE_RECURSION = YES;
				CLANG_WARN_INT_CONVERSION = YES;
				CLANG_WARN_NON_LITERAL_NULL_CONVERSION = YES;
				CLANG_WARN_OBJC_LITERAL_CONVERSION = YES;
				CLANG_WARN_OBJC_ROOT_CLASS = YES_ERROR;
				CLANG_WARN_RANGE_LOOP_ANALYSIS = YES;
				CLANG_WARN_STRICT_PROTOTYPES = YES;
				CLANG_WARN_SUSPICIOUS_MOVE = YES;
				CLANG_WARN_UNGUARDED_AVAILABILITY = YES_AGGRESSIVE;
				CLANG_WARN_UNREACHABLE_CODE = YES;
				CLANG_WARN__DUPLICATE_METHOD_MATCH = YES;
				CODE_SIGN_IDENTITY = "iPhone Developer";
				COPY_PHASE_STRIP = NO;
				DEBUG_INFORMATION_FORMAT = "dwarf-with-dsym";
				ENABLE_NS_ASSERTIONS = NO;
				ENABLE_STRICT_OBJC_MSGSEND = YES;
				GCC_C_LANGUAGE_STANDARD = gnu11;
				GCC_NO_COMMON_BLOCKS = YES;
				GCC_WARN_64_TO_32_BIT_CONVERSION = YES;
				GCC_WARN_ABOUT_RETURN_TYPE = YES_ERROR;
				GCC_WARN_UNDECLARED_SELECTOR = YES;
				GCC_WARN_UNINITIALIZED_AUTOS = YES_AGGRESSIVE;
				GCC_WARN_UNUSED_FUNCTION = YES;
				GCC_WARN_UNUSED_VARIABLE = YES;
				IPHONEOS_DEPLOYMENT_TARGET = 11.2;
				MTL_ENABLE_DEBUG_INFO = NO;
				SDKROOT = iphoneos;
				SWIFT_OPTIMIZATION_LEVEL = "-Owholemodule";
				VALIDATE_PRODUCT = YES;
			};
			name = Release;
		};
		DC5BCF722109B14A00767AAF /* Debug */ = {
			isa = XCBuildConfiguration;
			buildSettings = {
				ASSETCATALOG_COMPILER_APPICON_NAME = AppIcon;
				CODE_SIGN_STYLE = Automatic;
				INFOPLIST_FILE = MineSweeper/Info.plist;
				LD_RUNPATH_SEARCH_PATHS = "$(inherited) @executable_path/Frameworks";
				PRODUCT_BUNDLE_IDENTIFIER = au.edu.griffith.ict.prog.MineSweeper;
				PRODUCT_NAME = "$(TARGET_NAME)";
				SWIFT_VERSION = 4.0;
				TARGETED_DEVICE_FAMILY = "1,2";
			};
			name = Debug;
		};
		DC5BCF732109B14A00767AAF /* Release */ = {
			isa = XCBuildConfiguration;
			buildSettings = {
				ASSETCATALOG_COMPILER_APPICON_NAME = AppIcon;
				CODE_SIGN_STYLE = Automatic;
				INFOPLIST_FILE = MineSweeper/Info.plist;
				LD_RUNPATH_SEARCH_PATHS = "$(inherited) @executable_path/Frameworks";
				PRODUCT_BUNDLE_IDENTIFIER = au.edu.griffith.ict.prog.MineSweeper;
				PRODUCT_NAME = "$(TARGET_NAME)";
				SWIFT_VERSION = 4.0;
				TARGETED_DEVICE_FAMILY = "1,2";
			};
			name = Release;
		};
		DC5BCF752109B14A00767AAF /* Debug */ = {
			isa = XCBuildConfiguration;
			buildSettings = {
				ALWAYS_EMBED_SWIFT_STANDARD_LIBRARIES = YES;
				BUNDLE_LOADER = "$(TEST_HOST)";
				CODE_SIGN_STYLE = Automatic;
				INFOPLIST_FILE = MineSweeperTests/Info.plist;
				LD_RUNPATH_SEARCH_PATHS = "$(inherited) @executable_path/Frameworks @loader_path/Frameworks";
				PRODUCT_BUNDLE_IDENTIFIER = au.edu.griffith.ict.prog.MineSweeperTests;
				PRODUCT_NAME = "$(TARGET_NAME)";
				SWIFT_VERSION = 4.0;
				TARGETED_DEVICE_FAMILY = "1,2";
				TEST_HOST = "$(BUILT_PRODUCTS_DIR)/MineSweeper.app/MineSweeper";
			};
			name = Debug;
		};
		DC5BCF762109B14A00767AAF /* Release */ = {
			isa = XCBuildConfiguration;
			buildSettings = {
				ALWAYS_EMBED_SWIFT_STANDARD_LIBRARIES = YES;
				BUNDLE_LOADER = "$(TEST_HOST)";
				CODE_SIGN_STYLE = Automatic;
				INFOPLIST_FILE = MineSweeperTests/Info.plist;
				LD_RUNPATH_SEARCH_PATHS = "$(inherited) @executable_path/Frameworks @loader_path/Frameworks";
				PRODUCT_BUNDLE_IDENTIFIER = au.edu.griffith.ict.prog.MineSweeperTests;
				PRODUCT_NAME = "$(TARGET_NAME)";
				SWIFT_VERSION = 4.0;
				TARGETED_DEVICE_FAMILY = "1,2";
				TEST_HOST = "$(BUILT_PRODUCTS_DIR)/MineSweeper.app/MineSweeper";
			};
			name = Release;
		};
		DC5BCF782109B14A00767AAF /* Debug */ = {
			isa = XCBuildConfiguration;
			buildSettings = {
				ALWAYS_EMBED_SWIFT_STANDARD_LIBRARIES = YES;
				CODE_SIGN_STYLE = Automatic;
				INFOPLIST_FILE = MineSweeperUITests/Info.plist;
				LD_RUNPATH_SEARCH_PATHS = "$(inherited) @executable_path/Frameworks @loader_path/Frameworks";
				PRODUCT_BUNDLE_IDENTIFIER = au.edu.griffith.ict.prog.MineSweeperUITests;
				PRODUCT_NAME = "$(TARGET_NAME)";
				SWIFT_VERSION = 4.0;
				TARGETED_DEVICE_FAMILY = "1,2";
				TEST_TARGET_NAME = MineSweeper;
			};
			name = Debug;
		};
		DC5BCF792109B14A00767AAF /* Release */ = {
			isa = XCBuildConfiguration;
			buildSettings = {
				ALWAYS_EMBED_SWIFT_STANDARD_LIBRARIES = YES;
				CODE_SIGN_STYLE = Automatic;
				INFOPLIST_FILE = MineSweeperUITests/Info.plist;
				LD_RUNPATH_SEARCH_PATHS = "$(inherited) @executable_path/Frameworks @loader_path/Frameworks";
				PRODUCT_BUNDLE_IDENTIFIER = au.edu.griffith.ict.prog.MineSweeperUITests;
				PRODUCT_NAME = "$(TARGET_NAME)";
				SWIFT_VERSION = 4.0;
				TARGETED_DEVICE_FAMILY = "1,2";
				TEST_TARGET_NAME = MineSweeper;
			};
			name = Release;
		};
/* End XCBuildConfiguration section */

/* Begin XCConfigurationList section */
		DC5BCF442109B14A00767AAF /* Build configuration list for PBXProject "MineSweeper" */ = {
			isa = XCConfigurationList;
			buildConfigurations = (
				DC5BCF6F2109B14A00767AAF /* Debug */,
				DC5BCF702109B14A00767AAF /* Release */,
			);
			defaultConfigurationIsVisible = 0;
			defaultConfigurationName = Release;
		};
		DC5BCF712109B14A00767AAF /* Build configuration list for PBXNativeTarget "MineSweeper" */ = {
			isa = XCConfigurationList;
			buildConfigurations = (
				DC5BCF722109B14A00767AAF /* Debug */,
				DC5BCF732109B14A00767AAF /* Release */,
			);
			defaultConfigurationIsVisible = 0;
			defaultConfigurationName = Release;
		};
		DC5BCF742109B14A00767AAF /* Build configuration list for PBXNativeTarget "MineSweeperTests" */ = {
			isa = XCConfigurationList;
			buildConfigurations = (
				DC5BCF752109B14A00767AAF /* Debug */,
				DC5BCF762109B14A00767AAF /* Release */,
			);
			defaultConfigurationIsVisible = 0;
			defaultConfigurationName = Release;
		};
		DC5BCF772109B14A00767AAF /* Build configuration list for PBXNativeTarget "MineSweeperUITests" */ = {
			isa = XCConfigurationList;
			buildConfigurations = (
				DC5BCF782109B14A00767AAF /* Debug */,
				DC5BCF792109B14A00767AAF /* Release */,
			);
			defaultConfigurationIsVisible = 0;
			defaultConfigurationName = Release;
		};
/* End XCConfigurationList section */
	};
	rootObject = DC5BCF412109B14A00767AAF /* Project object */;
}
